// !$*UTF8*$!
{
	archiveVersion = 1;
	classes = {
	};
	objectVersion = 50;
	objects = {

/* Begin PBXBuildFile section */
		866B9F8025B177D200EA3664 /* AppDelegate.swift in Sources */ = {isa = PBXBuildFile; fileRef = 866B9F7F25B177D200EA3664 /* AppDelegate.swift */; };
		866B9F8225B177D200EA3664 /* SceneDelegate.swift in Sources */ = {isa = PBXBuildFile; fileRef = 866B9F8125B177D200EA3664 /* SceneDelegate.swift */; };
		866B9F8425B177D200EA3664 /* ContentView.swift in Sources */ = {isa = PBXBuildFile; fileRef = 866B9F8325B177D200EA3664 /* ContentView.swift */; };
		866B9F8625B177D400EA3664 /* Assets.xcassets in Resources */ = {isa = PBXBuildFile; fileRef = 866B9F8525B177D400EA3664 /* Assets.xcassets */; };
		866B9F8925B177D400EA3664 /* Preview Assets.xcassets in Resources */ = {isa = PBXBuildFile; fileRef = 866B9F8825B177D400EA3664 /* Preview Assets.xcassets */; };
		866B9F8C25B177D400EA3664 /* LaunchScreen.storyboard in Resources */ = {isa = PBXBuildFile; fileRef = 866B9F8A25B177D400EA3664 /* LaunchScreen.storyboard */; };
		866B9F9725B177D500EA3664 /* PhotoPrintTests.swift in Sources */ = {isa = PBXBuildFile; fileRef = 866B9F9625B177D500EA3664 /* PhotoPrintTests.swift */; };
		866B9FA225B177D500EA3664 /* PhotoPrintUITests.swift in Sources */ = {isa = PBXBuildFile; fileRef = 866B9FA125B177D500EA3664 /* PhotoPrintUITests.swift */; };
/* End PBXBuildFile section */

/* Begin PBXContainerItemProxy section */
		866B9F9325B177D500EA3664 /* PBXContainerItemProxy */ = {
			isa = PBXContainerItemProxy;
			containerPortal = 866B9F7425B177D200EA3664 /* Project object */;
			proxyType = 1;
			remoteGlobalIDString = 866B9F7B25B177D200EA3664;
			remoteInfo = PhotoPrint;
		};
		866B9F9E25B177D500EA3664 /* PBXContainerItemProxy */ = {
			isa = PBXContainerItemProxy;
			containerPortal = 866B9F7425B177D200EA3664 /* Project object */;
			proxyType = 1;
			remoteGlobalIDString = 866B9F7B25B177D200EA3664;
			remoteInfo = PhotoPrint;
		};
/* End PBXContainerItemProxy section */

/* Begin PBXFileReference section */
		866B9F7C25B177D200EA3664 /* PhotoPrint.app */ = {isa = PBXFileReference; explicitFileType = wrapper.application; includeInIndex = 0; path = PhotoPrint.app; sourceTree = BUILT_PRODUCTS_DIR; };
		866B9F7F25B177D200EA3664 /* AppDelegate.swift */ = {isa = PBXFileReference; lastKnownFileType = sourcecode.swift; path = AppDelegate.swift; sourceTree = "<group>"; };
		866B9F8125B177D200EA3664 /* SceneDelegate.swift */ = {isa = PBXFileReference; lastKnownFileType = sourcecode.swift; path = SceneDelegate.swift; sourceTree = "<group>"; };
		866B9F8325B177D200EA3664 /* ContentView.swift */ = {isa = PBXFileReference; lastKnownFileType = sourcecode.swift; path = ContentView.swift; sourceTree = "<group>"; };
		866B9F8525B177D400EA3664 /* Assets.xcassets */ = {isa = PBXFileReference; lastKnownFileType = folder.assetcatalog; path = Assets.xcassets; sourceTree = "<group>"; };
		866B9F8825B177D400EA3664 /* Preview Assets.xcassets */ = {isa = PBXFileReference; lastKnownFileType = folder.assetcatalog; path = "Preview Assets.xcassets"; sourceTree = "<group>"; };
		866B9F8B25B177D400EA3664 /* Base */ = {isa = PBXFileReference; lastKnownFileType = file.storyboard; name = Base; path = Base.lproj/LaunchScreen.storyboard; sourceTree = "<group>"; };
		866B9F8D25B177D400EA3664 /* Info.plist */ = {isa = PBXFileReference; lastKnownFileType = text.plist.xml; path = Info.plist; sourceTree = "<group>"; };
		866B9F9225B177D500EA3664 /* PhotoPrintTests.xctest */ = {isa = PBXFileReference; explicitFileType = wrapper.cfbundle; includeInIndex = 0; path = PhotoPrintTests.xctest; sourceTree = BUILT_PRODUCTS_DIR; };
		866B9F9625B177D500EA3664 /* PhotoPrintTests.swift */ = {isa = PBXFileReference; lastKnownFileType = sourcecode.swift; path = PhotoPrintTests.swift; sourceTree = "<group>"; };
		866B9F9825B177D500EA3664 /* Info.plist */ = {isa = PBXFileReference; lastKnownFileType = text.plist.xml; path = Info.plist; sourceTree = "<group>"; };
		866B9F9D25B177D500EA3664 /* PhotoPrintUITests.xctest */ = {isa = PBXFileReference; explicitFileType = wrapper.cfbundle; includeInIndex = 0; path = PhotoPrintUITests.xctest; sourceTree = BUILT_PRODUCTS_DIR; };
		866B9FA125B177D500EA3664 /* PhotoPrintUITests.swift */ = {isa = PBXFileReference; lastKnownFileType = sourcecode.swift; path = PhotoPrintUITests.swift; sourceTree = "<group>"; };
		866B9FA325B177D500EA3664 /* Info.plist */ = {isa = PBXFileReference; lastKnownFileType = text.plist.xml; path = Info.plist; sourceTree = "<group>"; };
/* End PBXFileReference section */

/* Begin PBXFrameworksBuildPhase section */
		866B9F7925B177D200EA3664 /* Frameworks */ = {
			isa = PBXFrameworksBuildPhase;
			buildActionMask = 2147483647;
			files = (
			);
			runOnlyForDeploymentPostprocessing = 0;
		};
		866B9F8F25B177D500EA3664 /* Frameworks */ = {
			isa = PBXFrameworksBuildPhase;
			buildActionMask = 2147483647;
			files = (
			);
			runOnlyForDeploymentPostprocessing = 0;
		};
		866B9F9A25B177D500EA3664 /* Frameworks */ = {
			isa = PBXFrameworksBuildPhase;
			buildActionMask = 2147483647;
			files = (
			);
			runOnlyForDeploymentPostprocessing = 0;
		};
/* End PBXFrameworksBuildPhase section */

/* Begin PBXGroup section */
		866B9F7325B177D200EA3664 = {
			isa = PBXGroup;
			children = (
				866B9F7E25B177D200EA3664 /* PhotoPrint */,
				866B9F9525B177D500EA3664 /* PhotoPrintTests */,
				866B9FA025B177D500EA3664 /* PhotoPrintUITests */,
				866B9F7D25B177D200EA3664 /* Products */,
			);
			sourceTree = "<group>";
		};
		866B9F7D25B177D200EA3664 /* Products */ = {
			isa = PBXGroup;
			children = (
				866B9F7C25B177D200EA3664 /* PhotoPrint.app */,
				866B9F9225B177D500EA3664 /* PhotoPrintTests.xctest */,
				866B9F9D25B177D500EA3664 /* PhotoPrintUITests.xctest */,
			);
			name = Products;
			sourceTree = "<group>";
		};
		866B9F7E25B177D200EA3664 /* PhotoPrint */ = {
			isa = PBXGroup;
			children = (
				866B9F7F25B177D200EA3664 /* AppDelegate.swift */,
				866B9F8125B177D200EA3664 /* SceneDelegate.swift */,
				866B9F8325B177D200EA3664 /* ContentView.swift */,
				866B9F8525B177D400EA3664 /* Assets.xcassets */,
				866B9F8A25B177D400EA3664 /* LaunchScreen.storyboard */,
				866B9F8D25B177D400EA3664 /* Info.plist */,
				866B9F8725B177D400EA3664 /* Preview Content */,
			);
			path = PhotoPrint;
			sourceTree = "<group>";
		};
		866B9F8725B177D400EA3664 /* Preview Content */ = {
			isa = PBXGroup;
			children = (
				866B9F8825B177D400EA3664 /* Preview Assets.xcassets */,
			);
			path = "Preview Content";
			sourceTree = "<group>";
		};
		866B9F9525B177D500EA3664 /* PhotoPrintTests */ = {
			isa = PBXGroup;
			children = (
				866B9F9625B177D500EA3664 /* PhotoPrintTests.swift */,
				866B9F9825B177D500EA3664 /* Info.plist */,
			);
			path = PhotoPrintTests;
			sourceTree = "<group>";
		};
		866B9FA025B177D500EA3664 /* PhotoPrintUITests */ = {
			isa = PBXGroup;
			children = (
				866B9FA125B177D500EA3664 /* PhotoPrintUITests.swift */,
				866B9FA325B177D500EA3664 /* Info.plist */,
			);
			path = PhotoPrintUITests;
			sourceTree = "<group>";
		};
/* End PBXGroup section */

/* Begin PBXNativeTarget section */
		866B9F7B25B177D200EA3664 /* PhotoPrint */ = {
			isa = PBXNativeTarget;
			buildConfigurationList = 866B9FA625B177D500EA3664 /* Build configuration list for PBXNativeTarget "PhotoPrint" */;
			buildPhases = (
				866B9F7825B177D200EA3664 /* Sources */,
				866B9F7925B177D200EA3664 /* Frameworks */,
				866B9F7A25B177D200EA3664 /* Resources */,
			);
			buildRules = (
			);
			dependencies = (
			);
			name = PhotoPrint;
			productName = PhotoPrint;
			productReference = 866B9F7C25B177D200EA3664 /* PhotoPrint.app */;
			productType = "com.apple.product-type.application";
		};
		866B9F9125B177D500EA3664 /* PhotoPrintTests */ = {
			isa = PBXNativeTarget;
			buildConfigurationList = 866B9FA925B177D500EA3664 /* Build configuration list for PBXNativeTarget "PhotoPrintTests" */;
			buildPhases = (
				866B9F8E25B177D500EA3664 /* Sources */,
				866B9F8F25B177D500EA3664 /* Frameworks */,
				866B9F9025B177D500EA3664 /* Resources */,
			);
			buildRules = (
			);
			dependencies = (
				866B9F9425B177D500EA3664 /* PBXTargetDependency */,
			);
			name = PhotoPrintTests;
			productName = PhotoPrintTests;
			productReference = 866B9F9225B177D500EA3664 /* PhotoPrintTests.xctest */;
			productType = "com.apple.product-type.bundle.unit-test";
		};
		866B9F9C25B177D500EA3664 /* PhotoPrintUITests */ = {
			isa = PBXNativeTarget;
			buildConfigurationList = 866B9FAC25B177D500EA3664 /* Build configuration list for PBXNativeTarget "PhotoPrintUITests" */;
			buildPhases = (
				866B9F9925B177D500EA3664 /* Sources */,
				866B9F9A25B177D500EA3664 /* Frameworks */,
				866B9F9B25B177D500EA3664 /* Resources */,
			);
			buildRules = (
			);
			dependencies = (
				866B9F9F25B177D500EA3664 /* PBXTargetDependency */,
			);
			name = PhotoPrintUITests;
			productName = PhotoPrintUITests;
			productReference = 866B9F9D25B177D500EA3664 /* PhotoPrintUITests.xctest */;
			productType = "com.apple.product-type.bundle.ui-testing";
		};
/* End PBXNativeTarget section */

/* Begin PBXProject section */
		866B9F7425B177D200EA3664 /* Project object */ = {
			isa = PBXProject;
			attributes = {
				LastSwiftUpdateCheck = 1230;
				LastUpgradeCheck = 1230;
				TargetAttributes = {
					866B9F7B25B177D200EA3664 = {
						CreatedOnToolsVersion = 12.3;
					};
					866B9F9125B177D500EA3664 = {
						CreatedOnToolsVersion = 12.3;
						TestTargetID = 866B9F7B25B177D200EA3664;
					};
					866B9F9C25B177D500EA3664 = {
						CreatedOnToolsVersion = 12.3;
						TestTargetID = 866B9F7B25B177D200EA3664;
					};
				};
			};
			buildConfigurationList = 866B9F7725B177D200EA3664 /* Build configuration list for PBXProject "PhotoPrint" */;
			compatibilityVersion = "Xcode 9.3";
			developmentRegion = en;
			hasScannedForEncodings = 0;
			knownRegions = (
				en,
				Base,
			);
			mainGroup = 866B9F7325B177D200EA3664;
			productRefGroup = 866B9F7D25B177D200EA3664 /* Products */;
			projectDirPath = "";
			projectRoot = "";
			targets = (
				866B9F7B25B177D200EA3664 /* PhotoPrint */,
				866B9F9125B177D500EA3664 /* PhotoPrintTests */,
				866B9F9C25B177D500EA3664 /* PhotoPrintUITests */,
			);
		};
/* End PBXProject section */

/* Begin PBXResourcesBuildPhase section */
		866B9F7A25B177D200EA3664 /* Resources */ = {
			isa = PBXResourcesBuildPhase;
			buildActionMask = 2147483647;
			files = (
				866B9F8C25B177D400EA3664 /* LaunchScreen.storyboard in Resources */,
				866B9F8925B177D400EA3664 /* Preview Assets.xcassets in Resources */,
				866B9F8625B177D400EA3664 /* Assets.xcassets in Resources */,
			);
			runOnlyForDeploymentPostprocessing = 0;
		};
		866B9F9025B177D500EA3664 /* Resources */ = {
			isa = PBXResourcesBuildPhase;
			buildActionMask = 2147483647;
			files = (
			);
			runOnlyForDeploymentPostprocessing = 0;
		};
		866B9F9B25B177D500EA3664 /* Resources */ = {
			isa = PBXResourcesBuildPhase;
			buildActionMask = 2147483647;
			files = (
			);
			runOnlyForDeploymentPostprocessing = 0;
		};
/* End PBXResourcesBuildPhase section */

/* Begin PBXSourcesBuildPhase section */
		866B9F7825B177D200EA3664 /* Sources */ = {
			isa = PBXSourcesBuildPhase;
			buildActionMask = 2147483647;
			files = (
				866B9F8025B177D200EA3664 /* AppDelegate.swift in Sources */,
				866B9F8225B177D200EA3664 /* SceneDelegate.swift in Sources */,
				866B9F8425B177D200EA3664 /* ContentView.swift in Sources */,
			);
			runOnlyForDeploymentPostprocessing = 0;
		};
		866B9F8E25B177D500EA3664 /* Sources */ = {
			isa = PBXSourcesBuildPhase;
			buildActionMask = 2147483647;
			files = (
				866B9F9725B177D500EA3664 /* PhotoPrintTests.swift in Sources */,
			);
			runOnlyForDeploymentPostprocessing = 0;
		};
		866B9F9925B177D500EA3664 /* Sources */ = {
			isa = PBXSourcesBuildPhase;
			buildActionMask = 2147483647;
			files = (
				866B9FA225B177D500EA3664 /* PhotoPrintUITests.swift in Sources */,
			);
			runOnlyForDeploymentPostprocessing = 0;
		};
/* End PBXSourcesBuildPhase section */

/* Begin PBXTargetDependency section */
		866B9F9425B177D500EA3664 /* PBXTargetDependency */ = {
			isa = PBXTargetDependency;
			target = 866B9F7B25B177D200EA3664 /* PhotoPrint */;
			targetProxy = 866B9F9325B177D500EA3664 /* PBXContainerItemProxy */;
		};
		866B9F9F25B177D500EA3664 /* PBXTargetDependency */ = {
			isa = PBXTargetDependency;
			target = 866B9F7B25B177D200EA3664 /* PhotoPrint */;
			targetProxy = 866B9F9E25B177D500EA3664 /* PBXContainerItemProxy */;
		};
/* End PBXTargetDependency section */

/* Begin PBXVariantGroup section */
		866B9F8A25B177D400EA3664 /* LaunchScreen.storyboard */ = {
			isa = PBXVariantGroup;
			children = (
				866B9F8B25B177D400EA3664 /* Base */,
			);
			name = LaunchScreen.storyboard;
			sourceTree = "<group>";
		};
/* End PBXVariantGroup section */

/* Begin XCBuildConfiguration section */
		866B9FA425B177D500EA3664 /* Debug */ = {
			isa = XCBuildConfiguration;
			buildSettings = {
				ALWAYS_SEARCH_USER_PATHS = NO;
				CLANG_ANALYZER_NONNULL = YES;
				CLANG_ANALYZER_NUMBER_OBJECT_CONVERSION = YES_AGGRESSIVE;
				CLANG_CXX_LANGUAGE_STANDARD = "gnu++14";
				CLANG_CXX_LIBRARY = "libc++";
				CLANG_ENABLE_MODULES = YES;
				CLANG_ENABLE_OBJC_ARC = YES;
				CLANG_ENABLE_OBJC_WEAK = YES;
				CLANG_WARN_BLOCK_CAPTURE_AUTORELEASING = YES;
				CLANG_WARN_BOOL_CONVERSION = YES;
				CLANG_WARN_COMMA = YES;
				CLANG_WARN_CONSTANT_CONVERSION = YES;
				CLANG_WARN_DEPRECATED_OBJC_IMPLEMENTATIONS = YES;
				CLANG_WARN_DIRECT_OBJC_ISA_USAGE = YES_ERROR;
				CLANG_WARN_DOCUMENTATION_COMMENTS = YES;
				CLANG_WARN_EMPTY_BODY = YES;
				CLANG_WARN_ENUM_CONVERSION = YES;
				CLANG_WARN_INFINITE_RECURSION = YES;
				CLANG_WARN_INT_CONVERSION = YES;
				CLANG_WARN_NON_LITERAL_NULL_CONVERSION = YES;
				CLANG_WARN_OBJC_IMPLICIT_RETAIN_SELF = YES;
				CLANG_WARN_OBJC_LITERAL_CONVERSION = YES;
				CLANG_WARN_OBJC_ROOT_CLASS = YES_ERROR;
				CLANG_WARN_QUOTED_INCLUDE_IN_FRAMEWORK_HEADER = YES;
				CLANG_WARN_RANGE_LOOP_ANALYSIS = YES;
				CLANG_WARN_STRICT_PROTOTYPES = YES;
				CLANG_WARN_SUSPICIOUS_MOVE = YES;
				CLANG_WARN_UNGUARDED_AVAILABILITY = YES_AGGRESSIVE;
				CLANG_WARN_UNREACHABLE_CODE = YES;
				CLANG_WARN__DUPLICATE_METHOD_MATCH = YES;
				COPY_PHASE_STRIP = NO;
				DEBUG_INFORMATION_FORMAT = dwarf;
				ENABLE_STRICT_OBJC_MSGSEND = YES;
				ENABLE_TESTABILITY = YES;
				GCC_C_LANGUAGE_STANDARD = gnu11;
				GCC_DYNAMIC_NO_PIC = NO;
				GCC_NO_COMMON_BLOCKS = YES;
				GCC_OPTIMIZATION_LEVEL = 0;
				GCC_PREPROCESSOR_DEFINITIONS = (
					"DEBUG=1",
					"$(inherited)",
				);
				GCC_WARN_64_TO_32_BIT_CONVERSION = YES;
				GCC_WARN_ABOUT_RETURN_TYPE = YES_ERROR;
				GCC_WARN_UNDECLARED_SELECTOR = YES;
				GCC_WARN_UNINITIALIZED_AUTOS = YES_AGGRESSIVE;
				GCC_WARN_UNUSED_FUNCTION = YES;
				GCC_WARN_UNUSED_VARIABLE = YES;
				IPHONEOS_DEPLOYMENT_TARGET = 14.3;
				MTL_ENABLE_DEBUG_INFO = INCLUDE_SOURCE;
				MTL_FAST_MATH = YES;
				ONLY_ACTIVE_ARCH = YES;
				SDKROOT = iphoneos;
				SWIFT_ACTIVE_COMPILATION_CONDITIONS = DEBUG;
				SWIFT_OPTIMIZATION_LEVEL = "-Onone";
			};
			name = Debug;
		};
		866B9FA525B177D500EA3664 /* Release */ = {
			isa = XCBuildConfiguration;
			buildSettings = {
				ALWAYS_SEARCH_USER_PATHS = NO;
				CLANG_ANALYZER_NONNULL = YES;
				CLANG_ANALYZER_NUMBER_OBJECT_CONVERSION = YES_AGGRESSIVE;
				CLANG_CXX_LANGUAGE_STANDARD = "gnu++14";
				CLANG_CXX_LIBRARY = "libc++";
				CLANG_ENABLE_MODULES = YES;
				CLANG_ENABLE_OBJC_ARC = YES;
				CLANG_ENABLE_OBJC_WEAK = YES;
				CLANG_WARN_BLOCK_CAPTURE_AUTORELEASING = YES;
				CLANG_WARN_BOOL_CONVERSION = YES;
				CLANG_WARN_COMMA = YES;
				CLANG_WARN_CONSTANT_CONVERSION = YES;
				CLANG_WARN_DEPRECATED_OBJC_IMPLEMENTATIONS = YES;
				CLANG_WARN_DIRECT_OBJC_ISA_USAGE = YES_ERROR;
				CLANG_WARN_DOCUMENTATION_COMMENTS = YES;
				CLANG_WARN_EMPTY_BODY = YES;
				CLANG_WARN_ENUM_CONVERSION = YES;
				CLANG_WARN_INFINITE_RECURSION = YES;
				CLANG_WARN_INT_CONVERSION = YES;
				CLANG_WARN_NON_LITERAL_NULL_CONVERSION = YES;
				CLANG_WARN_OBJC_IMPLICIT_RETAIN_SELF = YES;
				CLANG_WARN_OBJC_LITERAL_CONVERSION = YES;
				CLANG_WARN_OBJC_ROOT_CLASS = YES_ERROR;
				CLANG_WARN_QUOTED_INCLUDE_IN_FRAMEWORK_HEADER = YES;
				CLANG_WARN_RANGE_LOOP_ANALYSIS = YES;
				CLANG_WARN_STRICT_PROTOTYPES = YES;
				CLANG_WARN_SUSPICIOUS_MOVE = YES;
				CLANG_WARN_UNGUARDED_AVAILABILITY = YES_AGGRESSIVE;
				CLANG_WARN_UNREACHABLE_CODE = YES;
				CLANG_WARN__DUPLICATE_METHOD_MATCH = YES;
				COPY_PHASE_STRIP = NO;
				DEBUG_INFORMATION_FORMAT = "dwarf-with-dsym";
				ENABLE_NS_ASSERTIONS = NO;
				ENABLE_STRICT_OBJC_MSGSEND = YES;
				GCC_C_LANGUAGE_STANDARD = gnu11;
				GCC_NO_COMMON_BLOCKS = YES;
				GCC_WARN_64_TO_32_BIT_CONVERSION = YES;
				GCC_WARN_ABOUT_RETURN_TYPE = YES_ERROR;
				GCC_WARN_UNDECLARED_SELECTOR = YES;
				GCC_WARN_UNINITIALIZED_AUTOS = YES_AGGRESSIVE;
				GCC_WARN_UNUSED_FUNCTION = YES;
				GCC_WARN_UNUSED_VARIABLE = YES;
				IPHONEOS_DEPLOYMENT_TARGET = 14.3;
				MTL_ENABLE_DEBUG_INFO = NO;
				MTL_FAST_MATH = YES;
				SDKROOT = iphoneos;
				SWIFT_COMPILATION_MODE = wholemodule;
				SWIFT_OPTIMIZATION_LEVEL = "-O";
				VALIDATE_PRODUCT = YES;
			};
			name = Release;
		};
		866B9FA725B177D500EA3664 /* Debug */ = {
			isa = XCBuildConfiguration;
			buildSettings = {
				ASSETCATALOG_COMPILER_APPICON_NAME = AppIcon;
				ASSETCATALOG_COMPILER_GLOBAL_ACCENT_COLOR_NAME = AccentColor;
				CODE_SIGN_STYLE = Automatic;
				DEVELOPMENT_ASSET_PATHS = "\"PhotoPrint/Preview Content\"";
				DEVELOPMENT_TEAM = 9N636SF3AV;
				ENABLE_PREVIEWS = YES;
				INFOPLIST_FILE = PhotoPrint/Info.plist;
				LD_RUNPATH_SEARCH_PATHS = (
					"$(inherited)",
					"@executable_path/Frameworks",
				);
				PRODUCT_BUNDLE_IDENTIFIER = com.tkhrname.PhotoPrint;
				PRODUCT_NAME = "$(TARGET_NAME)";
				SWIFT_VERSION = 5.0;
				TARGETED_DEVICE_FAMILY = "1,2";
			};
			name = Debug;
		};
		866B9FA825B177D500EA3664 /* Release */ = {
			isa = XCBuildConfiguration;
			buildSettings = {
				ASSETCATALOG_COMPILER_APPICON_NAME = AppIcon;
				ASSETCATALOG_COMPILER_GLOBAL_ACCENT_COLOR_NAME = AccentColor;
				CODE_SIGN_STYLE = Automatic;
				DEVELOPMENT_ASSET_PATHS = "\"PhotoPrint/Preview Content\"";
				DEVELOPMENT_TEAM = 9N636SF3AV;
				ENABLE_PREVIEWS = YES;
				INFOPLIST_FILE = PhotoPrint/Info.plist;
				LD_RUNPATH_SEARCH_PATHS = (
					"$(inherited)",
					"@executable_path/Frameworks",
				);
				PRODUCT_BUNDLE_IDENTIFIER = com.tkhrname.PhotoPrint;
				PRODUCT_NAME = "$(TARGET_NAME)";
				SWIFT_VERSION = 5.0;
				TARGETED_DEVICE_FAMILY = "1,2";
			};
			name = Release;
		};
		866B9FAA25B177D500EA3664 /* Debug */ = {
			isa = XCBuildConfiguration;
			buildSettings = {
				ALWAYS_EMBED_SWIFT_STANDARD_LIBRARIES = YES;
				BUNDLE_LOADER = "$(TEST_HOST)";
				CODE_SIGN_STYLE = Automatic;
				DEVELOPMENT_TEAM = 9N636SF3AV;
				INFOPLIST_FILE = PhotoPrintTests/Info.plist;
				IPHONEOS_DEPLOYMENT_TARGET = 14.3;
				LD_RUNPATH_SEARCH_PATHS = (
					"$(inherited)",
					"@executable_path/Frameworks",
					"@loader_path/Frameworks",
				);
				PRODUCT_BUNDLE_IDENTIFIER = com.tkhrname.PhotoPrintTests;
				PRODUCT_NAME = "$(TARGET_NAME)";
				SWIFT_VERSION = 5.0;
				TARGETED_DEVICE_FAMILY = "1,2";
				TEST_HOST = "$(BUILT_PRODUCTS_DIR)/PhotoPrint.app/PhotoPrint";
			};
			name = Debug;
		};
		866B9FAB25B177D500EA3664 /* Release */ = {
			isa = XCBuildConfiguration;
			buildSettings = {
				ALWAYS_EMBED_SWIFT_STANDARD_LIBRARIES = YES;
				BUNDLE_LOADER = "$(TEST_HOST)";
				CODE_SIGN_STYLE = Automatic;
				DEVELOPMENT_TEAM = 9N636SF3AV;
				INFOPLIST_FILE = PhotoPrintTests/Info.plist;
				IPHONEOS_DEPLOYMENT_TARGET = 14.3;
				LD_RUNPATH_SEARCH_PATHS = (
					"$(inherited)",
					"@executable_path/Frameworks",
					"@loader_path/Frameworks",
				);
				PRODUCT_BUNDLE_IDENTIFIER = com.tkhrname.PhotoPrintTests;
				PRODUCT_NAME = "$(TARGET_NAME)";
				SWIFT_VERSION = 5.0;
				TARGETED_DEVICE_FAMILY = "1,2";
				TEST_HOST = "$(BUILT_PRODUCTS_DIR)/PhotoPrint.app/PhotoPrint";
			};
			name = Release;
		};
		866B9FAD25B177D500EA3664 /* Debug */ = {
			isa = XCBuildConfiguration;
			buildSettings = {
				ALWAYS_EMBED_SWIFT_STANDARD_LIBRARIES = YES;
				CODE_SIGN_STYLE = Automatic;
				DEVELOPMENT_TEAM = 9N636SF3AV;
				INFOPLIST_FILE = PhotoPrintUITests/Info.plist;
				LD_RUNPATH_SEARCH_PATHS = (
					"$(inherited)",
					"@executable_path/Frameworks",
					"@loader_path/Frameworks",
				);
				PRODUCT_BUNDLE_IDENTIFIER = com.tkhrname.PhotoPrintUITests;
				PRODUCT_NAME = "$(TARGET_NAME)";
				SWIFT_VERSION = 5.0;
				TARGETED_DEVICE_FAMILY = "1,2";
				TEST_TARGET_NAME = PhotoPrint;
			};
			name = Debug;
		};
		866B9FAE25B177D500EA3664 /* Release */ = {
			isa = XCBuildConfiguration;
			buildSettings = {
				ALWAYS_EMBED_SWIFT_STANDARD_LIBRARIES = YES;
				CODE_SIGN_STYLE = Automatic;
				DEVELOPMENT_TEAM = 9N636SF3AV;
				INFOPLIST_FILE = PhotoPrintUITests/Info.plist;
				LD_RUNPATH_SEARCH_PATHS = (
					"$(inherited)",
					"@executable_path/Frameworks",
					"@loader_path/Frameworks",
				);
				PRODUCT_BUNDLE_IDENTIFIER = com.tkhrname.PhotoPrintUITests;
				PRODUCT_NAME = "$(TARGET_NAME)";
				SWIFT_VERSION = 5.0;
				TARGETED_DEVICE_FAMILY = "1,2";
				TEST_TARGET_NAME = PhotoPrint;
			};
			name = Release;
		};
/* End XCBuildConfiguration section */

/* Begin XCConfigurationList section */
		866B9F7725B177D200EA3664 /* Build configuration list for PBXProject "PhotoPrint" */ = {
			isa = XCConfigurationList;
			buildConfigurations = (
				866B9FA425B177D500EA3664 /* Debug */,
				866B9FA525B177D500EA3664 /* Release */,
			);
			defaultConfigurationIsVisible = 0;
			defaultConfigurationName = Release;
		};
		866B9FA625B177D500EA3664 /* Build configuration list for PBXNativeTarget "PhotoPrint" */ = {
			isa = XCConfigurationList;
			buildConfigurations = (
				866B9FA725B177D500EA3664 /* Debug */,
				866B9FA825B177D500EA3664 /* Release */,
			);
			defaultConfigurationIsVisible = 0;
			defaultConfigurationName = Release;
		};
		866B9FA925B177D500EA3664 /* Build configuration list for PBXNativeTarget "PhotoPrintTests" */ = {
			isa = XCConfigurationList;
			buildConfigurations = (
				866B9FAA25B177D500EA3664 /* Debug */,
				866B9FAB25B177D500EA3664 /* Release */,
			);
			defaultConfigurationIsVisible = 0;
			defaultConfigurationName = Release;
		};
		866B9FAC25B177D500EA3664 /* Build configuration list for PBXNativeTarget "PhotoPrintUITests" */ = {
			isa = XCConfigurationList;
			buildConfigurations = (
				866B9FAD25B177D500EA3664 /* Debug */,
				866B9FAE25B177D500EA3664 /* Release */,
			);
			defaultConfigurationIsVisible = 0;
			defaultConfigurationName = Release;
		};
/* End XCConfigurationList section */
	};
	rootObject = 866B9F7425B177D200EA3664 /* Project object */;
}
